
Microsoft Visual Studio Solution File, Format Version 12.00
# Visual Studio 14
VisualStudioVersion = 14.0.23107.0
MinimumVisualStudioVersion = 10.0.40219.1
Project("{FAE04EC0-301F-11D3-BF4B-00C04F79EFBC}") = "BasicArithmeticOperations", "PerformanceOfOperations\BasicArithmeticOperations.csproj", "{48F9A7B1-ABBF-4341-B783-623C6E7F8519}"
EndProject
Project("{FAE04EC0-301F-11D3-BF4B-00C04F79EFBC}") = "ComplexOperations", "ComplexOperations\ComplexOperations.csproj", "{6885F64F-42A8-42ED-834E-EE5987B0A227}"
EndProject
Project("{FAE04EC0-301F-11D3-BF4B-00C04F79EFBC}") = "SortingAlgorithms", "SortingAlgorithms\SortingAlgorithms.csproj", "{F29288C0-BB73-4A4C-ABD4-B7422CD7ADC8}"
EndProject
Global
	GlobalSection(SolutionConfigurationPlatforms) = preSolution
		Debug|Any CPU = Debug|Any CPU
		Release|Any CPU = Release|Any CPU
	EndGlobalSection
	GlobalSection(ProjectConfigurationPlatforms) = postSolution
		{48F9A7B1-ABBF-4341-B783-623C6E7F8519}.Debug|Any CPU.ActiveCfg = Debug|Any CPU
		{48F9A7B1-ABBF-4341-B783-623C6E7F8519}.Debug|Any CPU.Build.0 = Debug|Any CPU
		{48F9A7B1-ABBF-4341-B783-623C6E7F8519}.Release|Any CPU.ActiveCfg = Release|Any CPU
		{48F9A7B1-ABBF-4341-B783-623C6E7F8519}.Release|Any CPU.Build.0 = Release|Any CPU
		{6885F64F-42A8-42ED-834E-EE5987B0A227}.Debug|Any CPU.ActiveCfg = Debug|Any CPU
		{6885F64F-42A8-42ED-834E-EE5987B0A227}.Debug|Any CPU.Build.0 = Debug|Any CPU
		{6885F64F-42A8-42ED-834E-EE5987B0A227}.Release|Any CPU.ActiveCfg = Release|Any CPU
		{6885F64F-42A8-42ED-834E-EE5987B0A227}.Release|Any CPU.Build.0 = Release|Any CPU
		{F29288C0-BB73-4A4C-ABD4-B7422CD7ADC8}.Debug|Any CPU.ActiveCfg = Debug|Any CPU
		{F29288C0-BB73-4A4C-ABD4-B7422CD7ADC8}.Debug|Any CPU.Build.0 = Debug|Any CPU
		{F29288C0-BB73-4A4C-ABD4-B7422CD7ADC8}.Release|Any CPU.ActiveCfg = Release|Any CPU
		{F29288C0-BB73-4A4C-ABD4-B7422CD7ADC8}.Release|Any CPU.Build.0 = Release|Any CPU
	EndGlobalSection
	GlobalSection(SolutionProperties) = preSolution
		HideSolutionNode = FALSE
	EndGlobalSection
EndGlobal
